
Microsoft Visual Studio Solution File, Format Version 12.00
# Visual Studio Version 17
VisualStudioVersion = 17.1.32228.430
MinimumVisualStudioVersion = 10.0.40219.1
Project("{2150E333-8FDC-42A3-9474-1A3956D46DE8}") = "Services", "Services", "{8C4D34E1-3D09-4454-9641-FE92C99724F6}"
EndProject
Project("{2150E333-8FDC-42A3-9474-1A3956D46DE8}") = "WebApps", "WebApps", "{D836466C-4EDD-40BB-8B2E-17D79AF046DF}"
EndProject
Project("{2150E333-8FDC-42A3-9474-1A3956D46DE8}") = "Cadastros", "Cadastros", "{5A7830AA-E8DD-42F5-8BEC-BF43DA7CA28D}"
EndProject
Project("{2150E333-8FDC-42A3-9474-1A3956D46DE8}") = "Catalogo", "Catalogo", "{05642233-8AC9-459A-B265-818373F4CEA8}"
EndProject
Project("{2150E333-8FDC-42A3-9474-1A3956D46DE8}") = "Core", "Core", "{E0333040-8B92-4A21-8D3C-FF5953AE91D3}"
EndProject
Project("{2150E333-8FDC-42A3-9474-1A3956D46DE8}") = "Fiscal", "Fiscal", "{5FE33ACB-4075-4182-8DA2-D11BAD522DEC}"
EndProject
Project("{2150E333-8FDC-42A3-9474-1A3956D46DE8}") = "Pagamentos", "Pagamentos", "{E45158CF-A94A-401B-9E88-8705C47FE9AB}"
EndProject
Project("{2150E333-8FDC-42A3-9474-1A3956D46DE8}") = "Vendas", "Vendas", "{4BB1D87B-FC4A-4173-AE32-F9F4BA63CBCB}"
EndProject
Project("{9A19103F-16F7-4668-BE54-9A1E7A4F7556}") = "NerdStore.Catalogo.Domain", "src\NerdStore.Catalogo.Domain\NerdStore.Catalogo.Domain.csproj", "{0B416EAB-5B44-46D7-A5B0-D1B5956C04C8}"
EndProject
Project("{9A19103F-16F7-4668-BE54-9A1E7A4F7556}") = "NerdStore.Core", "src\NerdStore.Core\NerdStore.Core.csproj", "{F0AD4C47-323D-4B45-92B8-1086DE8DFFA0}"
EndProject
Project("{2150E333-8FDC-42A3-9474-1A3956D46DE8}") = "Tests", "Tests", "{6122B7C2-17B2-407E-B4FF-DEB476D2F1BD}"
EndProject
Project("{9A19103F-16F7-4668-BE54-9A1E7A4F7556}") = "NerdStore.Catalogo.Domain.Tests", "tests\NerdStore.Catalogo.Domain.Tests\NerdStore.Catalogo.Domain.Tests.csproj", "{D8FB6DFA-6BBA-4487-8F11-4ECEC137AC53}"
EndProject
Project("{9A19103F-16F7-4668-BE54-9A1E7A4F7556}") = "NerdStore.Catalogo.Data", "src\NerdStore.Catalogo.Data\NerdStore.Catalogo.Data.csproj", "{0D18BDCC-C4DC-42E2-A324-3EA72EE18A39}"
EndProject
Project("{FAE04EC0-301F-11D3-BF4B-00C04F79EFBC}") = "NerdStore.Catalogo.Application", "src\NerdStore.Catalogo.Application\NerdStore.Catalogo.Application.csproj", "{BBFE4A94-2A14-48C9-AEC8-F8310EC79FA5}"
EndProject
Global
	GlobalSection(SolutionConfigurationPlatforms) = preSolution
		Debug|Any CPU = Debug|Any CPU
		Release|Any CPU = Release|Any CPU
	EndGlobalSection
	GlobalSection(ProjectConfigurationPlatforms) = postSolution
		{0B416EAB-5B44-46D7-A5B0-D1B5956C04C8}.Debug|Any CPU.ActiveCfg = Debug|Any CPU
		{0B416EAB-5B44-46D7-A5B0-D1B5956C04C8}.Debug|Any CPU.Build.0 = Debug|Any CPU
		{0B416EAB-5B44-46D7-A5B0-D1B5956C04C8}.Release|Any CPU.ActiveCfg = Release|Any CPU
		{0B416EAB-5B44-46D7-A5B0-D1B5956C04C8}.Release|Any CPU.Build.0 = Release|Any CPU
		{F0AD4C47-323D-4B45-92B8-1086DE8DFFA0}.Debug|Any CPU.ActiveCfg = Debug|Any CPU
		{F0AD4C47-323D-4B45-92B8-1086DE8DFFA0}.Debug|Any CPU.Build.0 = Debug|Any CPU
		{F0AD4C47-323D-4B45-92B8-1086DE8DFFA0}.Release|Any CPU.ActiveCfg = Release|Any CPU
		{F0AD4C47-323D-4B45-92B8-1086DE8DFFA0}.Release|Any CPU.Build.0 = Release|Any CPU
		{D8FB6DFA-6BBA-4487-8F11-4ECEC137AC53}.Debug|Any CPU.ActiveCfg = Debug|Any CPU
		{D8FB6DFA-6BBA-4487-8F11-4ECEC137AC53}.Debug|Any CPU.Build.0 = Debug|Any CPU
		{D8FB6DFA-6BBA-4487-8F11-4ECEC137AC53}.Release|Any CPU.ActiveCfg = Release|Any CPU
		{D8FB6DFA-6BBA-4487-8F11-4ECEC137AC53}.Release|Any CPU.Build.0 = Release|Any CPU
		{0D18BDCC-C4DC-42E2-A324-3EA72EE18A39}.Debug|Any CPU.ActiveCfg = Debug|Any CPU
		{0D18BDCC-C4DC-42E2-A324-3EA72EE18A39}.Debug|Any CPU.Build.0 = Debug|Any CPU
		{0D18BDCC-C4DC-42E2-A324-3EA72EE18A39}.Release|Any CPU.ActiveCfg = Release|Any CPU
		{0D18BDCC-C4DC-42E2-A324-3EA72EE18A39}.Release|Any CPU.Build.0 = Release|Any CPU
		{BBFE4A94-2A14-48C9-AEC8-F8310EC79FA5}.Debug|Any CPU.ActiveCfg = Debug|Any CPU
		{BBFE4A94-2A14-48C9-AEC8-F8310EC79FA5}.Debug|Any CPU.Build.0 = Debug|Any CPU
		{BBFE4A94-2A14-48C9-AEC8-F8310EC79FA5}.Release|Any CPU.ActiveCfg = Release|Any CPU
		{BBFE4A94-2A14-48C9-AEC8-F8310EC79FA5}.Release|Any CPU.Build.0 = Release|Any CPU
	EndGlobalSection
	GlobalSection(SolutionProperties) = preSolution
		HideSolutionNode = FALSE
	EndGlobalSection
	GlobalSection(NestedProjects) = preSolution
		{5A7830AA-E8DD-42F5-8BEC-BF43DA7CA28D} = {8C4D34E1-3D09-4454-9641-FE92C99724F6}
		{05642233-8AC9-459A-B265-818373F4CEA8} = {8C4D34E1-3D09-4454-9641-FE92C99724F6}
		{E0333040-8B92-4A21-8D3C-FF5953AE91D3} = {8C4D34E1-3D09-4454-9641-FE92C99724F6}
		{5FE33ACB-4075-4182-8DA2-D11BAD522DEC} = {8C4D34E1-3D09-4454-9641-FE92C99724F6}
		{E45158CF-A94A-401B-9E88-8705C47FE9AB} = {8C4D34E1-3D09-4454-9641-FE92C99724F6}
		{4BB1D87B-FC4A-4173-AE32-F9F4BA63CBCB} = {8C4D34E1-3D09-4454-9641-FE92C99724F6}
		{0B416EAB-5B44-46D7-A5B0-D1B5956C04C8} = {05642233-8AC9-459A-B265-818373F4CEA8}
		{F0AD4C47-323D-4B45-92B8-1086DE8DFFA0} = {E0333040-8B92-4A21-8D3C-FF5953AE91D3}
		{6122B7C2-17B2-407E-B4FF-DEB476D2F1BD} = {05642233-8AC9-459A-B265-818373F4CEA8}
		{D8FB6DFA-6BBA-4487-8F11-4ECEC137AC53} = {6122B7C2-17B2-407E-B4FF-DEB476D2F1BD}
		{0D18BDCC-C4DC-42E2-A324-3EA72EE18A39} = {05642233-8AC9-459A-B265-818373F4CEA8}
		{BBFE4A94-2A14-48C9-AEC8-F8310EC79FA5} = {05642233-8AC9-459A-B265-818373F4CEA8}
	EndGlobalSection
	GlobalSection(ExtensibilityGlobals) = postSolution
		SolutionGuid = {C6B895EB-EF0E-4EA2-B680-BD18ACEC7ADC}
	EndGlobalSection
EndGlobal
